// !$*UTF8*$!
{
	archiveVersion = 1;
	classes = {
	};
	objectVersion = 46;
	objects = {

/* Begin PBXBuildFile section */
		9ECD82CDA9F841A5824DD370 /* Pods_WatsonIoTCreate2.framework in Frameworks */ = {isa = PBXBuildFile; fileRef = 4B26CA9540CFFEDD30229535 /* Pods_WatsonIoTCreate2.framework */; };
		D73D9A441DE67C8F00BC6D55 /* AppDelegate.swift in Sources */ = {isa = PBXBuildFile; fileRef = D73D9A431DE67C8F00BC6D55 /* AppDelegate.swift */; };
		D73D9A461DE67C8F00BC6D55 /* ViewController.swift in Sources */ = {isa = PBXBuildFile; fileRef = D73D9A451DE67C8F00BC6D55 /* ViewController.swift */; };
		D73D9A491DE67C8F00BC6D55 /* Main.storyboard in Resources */ = {isa = PBXBuildFile; fileRef = D73D9A471DE67C8F00BC6D55 /* Main.storyboard */; };
		D73D9A4B1DE67C8F00BC6D55 /* Assets.xcassets in Resources */ = {isa = PBXBuildFile; fileRef = D73D9A4A1DE67C8F00BC6D55 /* Assets.xcassets */; };
		D73D9A4E1DE67C8F00BC6D55 /* LaunchScreen.storyboard in Resources */ = {isa = PBXBuildFile; fileRef = D73D9A4C1DE67C8F00BC6D55 /* LaunchScreen.storyboard */; };
		D7744D2F1E62557500523422 /* BMSCore.framework in Frameworks */ = {isa = PBXBuildFile; fileRef = D7744D2A1E62557500523422 /* BMSCore.framework */; };
		D7744D301E62557500523422 /* RestKit.framework in Frameworks */ = {isa = PBXBuildFile; fileRef = D7744D2B1E62557500523422 /* RestKit.framework */; };
		D7744D311E62557500523422 /* SpeechToTextV1.framework in Frameworks */ = {isa = PBXBuildFile; fileRef = D7744D2C1E62557500523422 /* SpeechToTextV1.framework */; };
		D7744D321E62557500523422 /* SwiftyJSON.framework in Frameworks */ = {isa = PBXBuildFile; fileRef = D7744D2D1E62557500523422 /* SwiftyJSON.framework */; };
		D7744D331E62557500523422 /* TextToSpeechV1.framework in Frameworks */ = {isa = PBXBuildFile; fileRef = D7744D2E1E62557500523422 /* TextToSpeechV1.framework */; };
		D7744D351E6255AF00523422 /* BMSAnalyticsAPI.framework in Frameworks */ = {isa = PBXBuildFile; fileRef = D7744D341E6255AF00523422 /* BMSAnalyticsAPI.framework */; };
		D7744D371E6255CB00523422 /* BMSAnalyticsAPI.framework in CopyFiles */ = {isa = PBXBuildFile; fileRef = D7744D341E6255AF00523422 /* BMSAnalyticsAPI.framework */; settings = {ATTRIBUTES = (CodeSignOnCopy, RemoveHeadersOnCopy, ); }; };
		D7744D381E6255CB00523422 /* BMSCore.framework in CopyFiles */ = {isa = PBXBuildFile; fileRef = D7744D2A1E62557500523422 /* BMSCore.framework */; settings = {ATTRIBUTES = (CodeSignOnCopy, RemoveHeadersOnCopy, ); }; };
		D7744D391E6255CB00523422 /* RestKit.framework in CopyFiles */ = {isa = PBXBuildFile; fileRef = D7744D2B1E62557500523422 /* RestKit.framework */; settings = {ATTRIBUTES = (CodeSignOnCopy, RemoveHeadersOnCopy, ); }; };
		D7744D3A1E6255CB00523422 /* SpeechToTextV1.framework in CopyFiles */ = {isa = PBXBuildFile; fileRef = D7744D2C1E62557500523422 /* SpeechToTextV1.framework */; settings = {ATTRIBUTES = (CodeSignOnCopy, RemoveHeadersOnCopy, ); }; };
		D7744D3B1E6255CB00523422 /* SwiftyJSON.framework in CopyFiles */ = {isa = PBXBuildFile; fileRef = D7744D2D1E62557500523422 /* SwiftyJSON.framework */; settings = {ATTRIBUTES = (CodeSignOnCopy, RemoveHeadersOnCopy, ); }; };
		D7744D3C1E6255CB00523422 /* TextToSpeechV1.framework in CopyFiles */ = {isa = PBXBuildFile; fileRef = D7744D2E1E62557500523422 /* TextToSpeechV1.framework */; settings = {ATTRIBUTES = (CodeSignOnCopy, RemoveHeadersOnCopy, ); }; };
		D7744D3E1E62698E00523422 /* WeatherData.swift in Sources */ = {isa = PBXBuildFile; fileRef = D7744D3D1E62698E00523422 /* WeatherData.swift */; };
		D7744D401E626A0C00523422 /* String.swift in Sources */ = {isa = PBXBuildFile; fileRef = D7744D3F1E626A0C00523422 /* String.swift */; };
/* End PBXBuildFile section */

/* Begin PBXCopyFilesBuildPhase section */
		D7744D361E6255BF00523422 /* CopyFiles */ = {
			isa = PBXCopyFilesBuildPhase;
			buildActionMask = 2147483647;
			dstPath = "";
			dstSubfolderSpec = 10;
			files = (
				D7744D371E6255CB00523422 /* BMSAnalyticsAPI.framework in CopyFiles */,
				D7744D381E6255CB00523422 /* BMSCore.framework in CopyFiles */,
				D7744D391E6255CB00523422 /* RestKit.framework in CopyFiles */,
				D7744D3A1E6255CB00523422 /* SpeechToTextV1.framework in CopyFiles */,
				D7744D3B1E6255CB00523422 /* SwiftyJSON.framework in CopyFiles */,
				D7744D3C1E6255CB00523422 /* TextToSpeechV1.framework in CopyFiles */,
			);
			runOnlyForDeploymentPostprocessing = 0;
		};
/* End PBXCopyFilesBuildPhase section */

/* Begin PBXFileReference section */
		2F299C85B55BBD10BC70E06D /* Pods-WatsonIoTCreate2.debug.xcconfig */ = {isa = PBXFileReference; includeInIndex = 1; lastKnownFileType = text.xcconfig; name = "Pods-WatsonIoTCreate2.debug.xcconfig"; path = "Pods/Target Support Files/Pods-WatsonIoTCreate2/Pods-WatsonIoTCreate2.debug.xcconfig"; sourceTree = "<group>"; };
		36915C1F132178D59731BE75 /* Pods-WatsonIoTCreate2.release.xcconfig */ = {isa = PBXFileReference; includeInIndex = 1; lastKnownFileType = text.xcconfig; name = "Pods-WatsonIoTCreate2.release.xcconfig"; path = "Pods/Target Support Files/Pods-WatsonIoTCreate2/Pods-WatsonIoTCreate2.release.xcconfig"; sourceTree = "<group>"; };
		4B26CA9540CFFEDD30229535 /* Pods_WatsonIoTCreate2.framework */ = {isa = PBXFileReference; explicitFileType = wrapper.framework; includeInIndex = 0; path = Pods_WatsonIoTCreate2.framework; sourceTree = BUILT_PRODUCTS_DIR; };
		D73D9A401DE67C8F00BC6D55 /* WatsonIoTCreate2.app */ = {isa = PBXFileReference; explicitFileType = wrapper.application; includeInIndex = 0; path = WatsonIoTCreate2.app; sourceTree = BUILT_PRODUCTS_DIR; };
		D73D9A431DE67C8F00BC6D55 /* AppDelegate.swift */ = {isa = PBXFileReference; lastKnownFileType = sourcecode.swift; path = AppDelegate.swift; sourceTree = "<group>"; };
		D73D9A451DE67C8F00BC6D55 /* ViewController.swift */ = {isa = PBXFileReference; lastKnownFileType = sourcecode.swift; path = ViewController.swift; sourceTree = "<group>"; };
		D73D9A481DE67C8F00BC6D55 /* Base */ = {isa = PBXFileReference; lastKnownFileType = file.storyboard; name = Base; path = Base.lproj/Main.storyboard; sourceTree = "<group>"; };
		D73D9A4A1DE67C8F00BC6D55 /* Assets.xcassets */ = {isa = PBXFileReference; lastKnownFileType = folder.assetcatalog; path = Assets.xcassets; sourceTree = "<group>"; };
		D73D9A4D1DE67C8F00BC6D55 /* Base */ = {isa = PBXFileReference; lastKnownFileType = file.storyboard; name = Base; path = Base.lproj/LaunchScreen.storyboard; sourceTree = "<group>"; };
		D73D9A4F1DE67C8F00BC6D55 /* Info.plist */ = {isa = PBXFileReference; lastKnownFileType = text.plist.xml; path = Info.plist; sourceTree = "<group>"; };
		D7744D2A1E62557500523422 /* BMSCore.framework */ = {isa = PBXFileReference; lastKnownFileType = wrapper.framework; name = BMSCore.framework; path = Carthage/Build/iOS/BMSCore.framework; sourceTree = "<group>"; };
		D7744D2B1E62557500523422 /* RestKit.framework */ = {isa = PBXFileReference; lastKnownFileType = wrapper.framework; name = RestKit.framework; path = Carthage/Build/iOS/RestKit.framework; sourceTree = "<group>"; };
		D7744D2C1E62557500523422 /* SpeechToTextV1.framework */ = {isa = PBXFileReference; lastKnownFileType = wrapper.framework; name = SpeechToTextV1.framework; path = Carthage/Build/iOS/SpeechToTextV1.framework; sourceTree = "<group>"; };
		D7744D2D1E62557500523422 /* SwiftyJSON.framework */ = {isa = PBXFileReference; lastKnownFileType = wrapper.framework; name = SwiftyJSON.framework; path = Carthage/Build/iOS/SwiftyJSON.framework; sourceTree = "<group>"; };
		D7744D2E1E62557500523422 /* TextToSpeechV1.framework */ = {isa = PBXFileReference; lastKnownFileType = wrapper.framework; name = TextToSpeechV1.framework; path = Carthage/Build/iOS/TextToSpeechV1.framework; sourceTree = "<group>"; };
		D7744D341E6255AF00523422 /* BMSAnalyticsAPI.framework */ = {isa = PBXFileReference; lastKnownFileType = wrapper.framework; name = BMSAnalyticsAPI.framework; path = Carthage/Build/iOS/BMSAnalyticsAPI.framework; sourceTree = "<group>"; };
		D7744D3D1E62698E00523422 /* WeatherData.swift */ = {isa = PBXFileReference; fileEncoding = 4; lastKnownFileType = sourcecode.swift; path = WeatherData.swift; sourceTree = "<group>"; };
		D7744D3F1E626A0C00523422 /* String.swift */ = {isa = PBXFileReference; fileEncoding = 4; lastKnownFileType = sourcecode.swift; path = String.swift; sourceTree = "<group>"; };
/* End PBXFileReference section */

/* Begin PBXFrameworksBuildPhase section */
		D73D9A3D1DE67C8F00BC6D55 /* Frameworks */ = {
			isa = PBXFrameworksBuildPhase;
			buildActionMask = 2147483647;
			files = (
				D7744D2F1E62557500523422 /* BMSCore.framework in Frameworks */,
				D7744D351E6255AF00523422 /* BMSAnalyticsAPI.framework in Frameworks */,
				9ECD82CDA9F841A5824DD370 /* Pods_WatsonIoTCreate2.framework in Frameworks */,
				D7744D301E62557500523422 /* RestKit.framework in Frameworks */,
				D7744D331E62557500523422 /* TextToSpeechV1.framework in Frameworks */,
				D7744D311E62557500523422 /* SpeechToTextV1.framework in Frameworks */,
				D7744D321E62557500523422 /* SwiftyJSON.framework in Frameworks */,
			);
			runOnlyForDeploymentPostprocessing = 0;
		};
/* End PBXFrameworksBuildPhase section */

/* Begin PBXGroup section */
		2841D87AB8818C649394C4CF /* Frameworks */ = {
			isa = PBXGroup;
			children = (
				4B26CA9540CFFEDD30229535 /* Pods_WatsonIoTCreate2.framework */,
			);
			name = Frameworks;
			sourceTree = "<group>";
		};
		BC52F3F307F5CB614DD6EC15 /* Pods */ = {
			isa = PBXGroup;
			children = (
				2F299C85B55BBD10BC70E06D /* Pods-WatsonIoTCreate2.debug.xcconfig */,
				36915C1F132178D59731BE75 /* Pods-WatsonIoTCreate2.release.xcconfig */,
			);
			name = Pods;
			sourceTree = "<group>";
		};
		D73D9A371DE67C8F00BC6D55 = {
			isa = PBXGroup;
			children = (
				D7744D341E6255AF00523422 /* BMSAnalyticsAPI.framework */,
				D7744D2A1E62557500523422 /* BMSCore.framework */,
				D7744D2B1E62557500523422 /* RestKit.framework */,
				D7744D2C1E62557500523422 /* SpeechToTextV1.framework */,
				D7744D2D1E62557500523422 /* SwiftyJSON.framework */,
				D7744D2E1E62557500523422 /* TextToSpeechV1.framework */,
				D73D9A421DE67C8F00BC6D55 /* WatsonIoTCreate2 */,
				D73D9A411DE67C8F00BC6D55 /* Products */,
				BC52F3F307F5CB614DD6EC15 /* Pods */,
				2841D87AB8818C649394C4CF /* Frameworks */,
			);
			sourceTree = "<group>";
		};
		D73D9A411DE67C8F00BC6D55 /* Products */ = {
			isa = PBXGroup;
			children = (
				D73D9A401DE67C8F00BC6D55 /* WatsonIoTCreate2.app */,
			);
			name = Products;
			sourceTree = "<group>";
		};
		D73D9A421DE67C8F00BC6D55 /* WatsonIoTCreate2 */ = {
			isa = PBXGroup;
			children = (
				D73D9A431DE67C8F00BC6D55 /* AppDelegate.swift */,
				D73D9A451DE67C8F00BC6D55 /* ViewController.swift */,
				D73D9A471DE67C8F00BC6D55 /* Main.storyboard */,
				D73D9A4A1DE67C8F00BC6D55 /* Assets.xcassets */,
				D73D9A4C1DE67C8F00BC6D55 /* LaunchScreen.storyboard */,
				D73D9A4F1DE67C8F00BC6D55 /* Info.plist */,
				D7744D3D1E62698E00523422 /* WeatherData.swift */,
				D7744D3F1E626A0C00523422 /* String.swift */,
			);
			path = WatsonIoTCreate2;
			sourceTree = "<group>";
		};
/* End PBXGroup section */

/* Begin PBXNativeTarget section */
		D73D9A3F1DE67C8F00BC6D55 /* WatsonIoTCreate2 */ = {
			isa = PBXNativeTarget;
			buildConfigurationList = D73D9A521DE67C8F00BC6D55 /* Build configuration list for PBXNativeTarget "WatsonIoTCreate2" */;
			buildPhases = (
				DCC54C2CF0041426C19A6589 /* [CP] Check Pods Manifest.lock */,
				D73D9A3C1DE67C8F00BC6D55 /* Sources */,
				D73D9A3D1DE67C8F00BC6D55 /* Frameworks */,
				D73D9A3E1DE67C8F00BC6D55 /* Resources */,
				93959F1598C69AEE8821F236 /* [CP] Embed Pods Frameworks */,
				E8F43E5131439B9522EB4561 /* [CP] Copy Pods Resources */,
				D7744D361E6255BF00523422 /* CopyFiles */,
			);
			buildRules = (
			);
			dependencies = (
			);
			name = WatsonIoTCreate2;
			productName = WatsonIoTCreate2;
			productReference = D73D9A401DE67C8F00BC6D55 /* WatsonIoTCreate2.app */;
			productType = "com.apple.product-type.application";
		};
/* End PBXNativeTarget section */

/* Begin PBXProject section */
		D73D9A381DE67C8F00BC6D55 /* Project object */ = {
			isa = PBXProject;
			attributes = {
				LastSwiftUpdateCheck = 0810;
				LastUpgradeCheck = 0810;
				ORGANIZATIONNAME = "Marek Sadowski";
				TargetAttributes = {
					D73D9A3F1DE67C8F00BC6D55 = {
						CreatedOnToolsVersion = 8.1;
						DevelopmentTeam = 2H7LQB994Z;
						ProvisioningStyle = Automatic;
					};
				};
			};
			buildConfigurationList = D73D9A3B1DE67C8F00BC6D55 /* Build configuration list for PBXProject "WatsonIoTCreate2" */;
			compatibilityVersion = "Xcode 3.2";
			developmentRegion = English;
			hasScannedForEncodings = 0;
			knownRegions = (
				en,
				Base,
			);
			mainGroup = D73D9A371DE67C8F00BC6D55;
			productRefGroup = D73D9A411DE67C8F00BC6D55 /* Products */;
			projectDirPath = "";
			projectRoot = "";
			targets = (
				D73D9A3F1DE67C8F00BC6D55 /* WatsonIoTCreate2 */,
			);
		};
/* End PBXProject section */

/* Begin PBXResourcesBuildPhase section */
		D73D9A3E1DE67C8F00BC6D55 /* Resources */ = {
			isa = PBXResourcesBuildPhase;
			buildActionMask = 2147483647;
			files = (
				D73D9A4E1DE67C8F00BC6D55 /* LaunchScreen.storyboard in Resources */,
				D73D9A4B1DE67C8F00BC6D55 /* Assets.xcassets in Resources */,
				D73D9A491DE67C8F00BC6D55 /* Main.storyboard in Resources */,
			);
			runOnlyForDeploymentPostprocessing = 0;
		};
/* End PBXResourcesBuildPhase section */

/* Begin PBXShellScriptBuildPhase section */
		93959F1598C69AEE8821F236 /* [CP] Embed Pods Frameworks */ = {
			isa = PBXShellScriptBuildPhase;
			buildActionMask = 2147483647;
			files = (
			);
			inputPaths = (
			);
			name = "[CP] Embed Pods Frameworks";
			outputPaths = (
			);
			runOnlyForDeploymentPostprocessing = 0;
			shellPath = /bin/sh;
			shellScript = "\"${SRCROOT}/Pods/Target Support Files/Pods-WatsonIoTCreate2/Pods-WatsonIoTCreate2-frameworks.sh\"\n";
			showEnvVarsInLog = 0;
		};
		DCC54C2CF0041426C19A6589 /* [CP] Check Pods Manifest.lock */ = {
			isa = PBXShellScriptBuildPhase;
			buildActionMask = 2147483647;
			files = (
			);
			inputPaths = (
			);
			name = "[CP] Check Pods Manifest.lock";
			outputPaths = (
			);
			runOnlyForDeploymentPostprocessing = 0;
			shellPath = /bin/sh;
			shellScript = "diff \"${PODS_ROOT}/../Podfile.lock\" \"${PODS_ROOT}/Manifest.lock\" > /dev/null\nif [[ $? != 0 ]] ; then\n    cat << EOM\nerror: The sandbox is not in sync with the Podfile.lock. Run 'pod install' or update your CocoaPods installation.\nEOM\n    exit 1\nfi\n";
			showEnvVarsInLog = 0;
		};
		E8F43E5131439B9522EB4561 /* [CP] Copy Pods Resources */ = {
			isa = PBXShellScriptBuildPhase;
			buildActionMask = 2147483647;
			files = (
			);
			inputPaths = (
			);
			name = "[CP] Copy Pods Resources";
			outputPaths = (
			);
			runOnlyForDeploymentPostprocessing = 0;
			shellPath = /bin/sh;
			shellScript = "\"${SRCROOT}/Pods/Target Support Files/Pods-WatsonIoTCreate2/Pods-WatsonIoTCreate2-resources.sh\"\n";
			showEnvVarsInLog = 0;
		};
/* End PBXShellScriptBuildPhase section */

/* Begin PBXSourcesBuildPhase section */
		D73D9A3C1DE67C8F00BC6D55 /* Sources */ = {
			isa = PBXSourcesBuildPhase;
			buildActionMask = 2147483647;
			files = (
				D73D9A461DE67C8F00BC6D55 /* ViewController.swift in Sources */,
				D7744D3E1E62698E00523422 /* WeatherData.swift in Sources */,
				D7744D401E626A0C00523422 /* String.swift in Sources */,
				D73D9A441DE67C8F00BC6D55 /* AppDelegate.swift in Sources */,
			);
			runOnlyForDeploymentPostprocessing = 0;
		};
/* End PBXSourcesBuildPhase section */

/* Begin PBXVariantGroup section */
		D73D9A471DE67C8F00BC6D55 /* Main.storyboard */ = {
			isa = PBXVariantGroup;
			children = (
				D73D9A481DE67C8F00BC6D55 /* Base */,
			);
			name = Main.storyboard;
			sourceTree = "<group>";
		};
		D73D9A4C1DE67C8F00BC6D55 /* LaunchScreen.storyboard */ = {
			isa = PBXVariantGroup;
			children = (
				D73D9A4D1DE67C8F00BC6D55 /* Base */,
			);
			name = LaunchScreen.storyboard;
			sourceTree = "<group>";
		};
/* End PBXVariantGroup section */

/* Begin XCBuildConfiguration section */
		D73D9A501DE67C8F00BC6D55 /* Debug */ = {
			isa = XCBuildConfiguration;
			buildSettings = {
				ALWAYS_SEARCH_USER_PATHS = NO;
				CLANG_ANALYZER_NONNULL = YES;
				CLANG_CXX_LANGUAGE_STANDARD = "gnu++0x";
				CLANG_CXX_LIBRARY = "libc++";
				CLANG_ENABLE_MODULES = YES;
				CLANG_ENABLE_OBJC_ARC = YES;
				CLANG_WARN_BOOL_CONVERSION = YES;
				CLANG_WARN_CONSTANT_CONVERSION = YES;
				CLANG_WARN_DIRECT_OBJC_ISA_USAGE = YES_ERROR;
				CLANG_WARN_DOCUMENTATION_COMMENTS = YES;
				CLANG_WARN_EMPTY_BODY = YES;
				CLANG_WARN_ENUM_CONVERSION = YES;
				CLANG_WARN_INFINITE_RECURSION = YES;
				CLANG_WARN_INT_CONVERSION = YES;
				CLANG_WARN_OBJC_ROOT_CLASS = YES_ERROR;
				CLANG_WARN_SUSPICIOUS_MOVES = YES;
				CLANG_WARN_UNREACHABLE_CODE = YES;
				CLANG_WARN__DUPLICATE_METHOD_MATCH = YES;
				"CODE_SIGN_IDENTITY[sdk=iphoneos*]" = "iPhone Developer";
				COPY_PHASE_STRIP = NO;
				DEBUG_INFORMATION_FORMAT = dwarf;
				ENABLE_STRICT_OBJC_MSGSEND = YES;
				ENABLE_TESTABILITY = YES;
				GCC_C_LANGUAGE_STANDARD = gnu99;
				GCC_DYNAMIC_NO_PIC = NO;
				GCC_NO_COMMON_BLOCKS = YES;
				GCC_OPTIMIZATION_LEVEL = 0;
				GCC_PREPROCESSOR_DEFINITIONS = (
					"DEBUG=1",
					"$(inherited)",
				);
				GCC_WARN_64_TO_32_BIT_CONVERSION = YES;
				GCC_WARN_ABOUT_RETURN_TYPE = YES_ERROR;
				GCC_WARN_UNDECLARED_SELECTOR = YES;
				GCC_WARN_UNINITIALIZED_AUTOS = YES_AGGRESSIVE;
				GCC_WARN_UNUSED_FUNCTION = YES;
				GCC_WARN_UNUSED_VARIABLE = YES;
				IPHONEOS_DEPLOYMENT_TARGET = 10.1;
				MTL_ENABLE_DEBUG_INFO = YES;
				ONLY_ACTIVE_ARCH = YES;
				SDKROOT = iphoneos;
				SWIFT_ACTIVE_COMPILATION_CONDITIONS = DEBUG;
				SWIFT_OPTIMIZATION_LEVEL = "-Onone";
			};
			name = Debug;
		};
		D73D9A511DE67C8F00BC6D55 /* Release */ = {
			isa = XCBuildConfiguration;
			buildSettings = {
				ALWAYS_SEARCH_USER_PATHS = NO;
				CLANG_ANALYZER_NONNULL = YES;
				CLANG_CXX_LANGUAGE_STANDARD = "gnu++0x";
				CLANG_CXX_LIBRARY = "libc++";
				CLANG_ENABLE_MODULES = YES;
				CLANG_ENABLE_OBJC_ARC = YES;
				CLANG_WARN_BOOL_CONVERSION = YES;
				CLANG_WARN_CONSTANT_CONVERSION = YES;
				CLANG_WARN_DIRECT_OBJC_ISA_USAGE = YES_ERROR;
				CLANG_WARN_DOCUMENTATION_COMMENTS = YES;
				CLANG_WARN_EMPTY_BODY = YES;
				CLANG_WARN_ENUM_CONVERSION = YES;
				CLANG_WARN_INFINITE_RECURSION = YES;
				CLANG_WARN_INT_CONVERSION = YES;
				CLANG_WARN_OBJC_ROOT_CLASS = YES_ERROR;
				CLANG_WARN_SUSPICIOUS_MOVES = YES;
				CLANG_WARN_UNREACHABLE_CODE = YES;
				CLANG_WARN__DUPLICATE_METHOD_MATCH = YES;
				"CODE_SIGN_IDENTITY[sdk=iphoneos*]" = "iPhone Developer";
				COPY_PHASE_STRIP = NO;
				DEBUG_INFORMATION_FORMAT = "dwarf-with-dsym";
				ENABLE_NS_ASSERTIONS = NO;
				ENABLE_STRICT_OBJC_MSGSEND = YES;
				GCC_C_LANGUAGE_STANDARD = gnu99;
				GCC_NO_COMMON_BLOCKS = YES;
				GCC_WARN_64_TO_32_BIT_CONVERSION = YES;
				GCC_WARN_ABOUT_RETURN_TYPE = YES_ERROR;
				GCC_WARN_UNDECLARED_SELECTOR = YES;
				GCC_WARN_UNINITIALIZED_AUTOS = YES_AGGRESSIVE;
				GCC_WARN_UNUSED_FUNCTION = YES;
				GCC_WARN_UNUSED_VARIABLE = YES;
				IPHONEOS_DEPLOYMENT_TARGET = 10.1;
				MTL_ENABLE_DEBUG_INFO = NO;
				SDKROOT = iphoneos;
				SWIFT_OPTIMIZATION_LEVEL = "-Owholemodule";
				VALIDATE_PRODUCT = YES;
			};
			name = Release;
		};
		D73D9A531DE67C8F00BC6D55 /* Debug */ = {
			isa = XCBuildConfiguration;
			baseConfigurationReference = 2F299C85B55BBD10BC70E06D /* Pods-WatsonIoTCreate2.debug.xcconfig */;
			buildSettings = {
				ASSETCATALOG_COMPILER_APPICON_NAME = AppIcon;
				DEVELOPMENT_TEAM = 2H7LQB994Z;
				FRAMEWORK_SEARCH_PATHS = (
					"$(inherited)",
					"$(PROJECT_DIR)/Carthage/Build/iOS",
				);
				INFOPLIST_FILE = WatsonIoTCreate2/Info.plist;
				LD_RUNPATH_SEARCH_PATHS = "$(inherited) @executable_path/Frameworks";
				PRODUCT_BUNDLE_IDENTIFIER = com.ibm.WatsonIoTCreate2;
				PRODUCT_NAME = "$(TARGET_NAME)";
				SWIFT_VERSION = 3.0;
			};
			name = Debug;
		};
		D73D9A541DE67C8F00BC6D55 /* Release */ = {
			isa = XCBuildConfiguration;
			baseConfigurationReference = 36915C1F132178D59731BE75 /* Pods-WatsonIoTCreate2.release.xcconfig */;
			buildSettings = {
				ASSETCATALOG_COMPILER_APPICON_NAME = AppIcon;
				DEVELOPMENT_TEAM = 2H7LQB994Z;
				FRAMEWORK_SEARCH_PATHS = (
					"$(inherited)",
					"$(PROJECT_DIR)/Carthage/Build/iOS",
				);
				INFOPLIST_FILE = WatsonIoTCreate2/Info.plist;
				LD_RUNPATH_SEARCH_PATHS = "$(inherited) @executable_path/Frameworks";
				PRODUCT_BUNDLE_IDENTIFIER = com.ibm.WatsonIoTCreate2;
				PRODUCT_NAME = "$(TARGET_NAME)";
				SWIFT_VERSION = 3.0;
			};
			name = Release;
		};
/* End XCBuildConfiguration section */

/* Begin XCConfigurationList section */
		D73D9A3B1DE67C8F00BC6D55 /* Build configuration list for PBXProject "WatsonIoTCreate2" */ = {
			isa = XCConfigurationList;
			buildConfigurations = (
				D73D9A501DE67C8F00BC6D55 /* Debug */,
				D73D9A511DE67C8F00BC6D55 /* Release */,
			);
			defaultConfigurationIsVisible = 0;
			defaultConfigurationName = Release;
		};
		D73D9A521DE67C8F00BC6D55 /* Build configuration list for PBXNativeTarget "WatsonIoTCreate2" */ = {
			isa = XCConfigurationList;
			buildConfigurations = (
				D73D9A531DE67C8F00BC6D55 /* Debug */,
				D73D9A541DE67C8F00BC6D55 /* Release */,
			);
			defaultConfigurationIsVisible = 0;
			defaultConfigurationName = Release;
		};
/* End XCConfigurationList section */
	};
	rootObject = D73D9A381DE67C8F00BC6D55 /* Project object */;
}
